{
  "name": "github-rpg-contributors",
  "version": "1.0.0",
  "lockfileVersion": 3,
  "requires": true,
  "packages": {
    "": {
      "name": "github-rpg-contributors",
      "version": "1.0.0",
      "license": "ISC",
      "dependencies": {
        "@haxtheweb/rpg-character": "^10.0.2",
        "axios": "^1.8.1",
        "lit": "^3.2.1"
      }
    },
    "node_modules/@a11y/focus-trap": {
      "version": "1.0.5",
      "resolved": "https://registry.npmjs.org/@a11y/focus-trap/-/focus-trap-1.0.5.tgz",
      "integrity": "sha512-3JOd6g+BALysWS8LNf0qdB8ltR651H/RCLAvUmfS0LIHwHO579XfjZUIZbURYiAZrcbp1CBAq4QZ2YwKNQZ1hw==",
      "license": "MIT"
    },
    "node_modules/@haxtheweb/a11y-utils": {
      "version": "10.0.2",
      "resolved": "https://registry.npmjs.org/@haxtheweb/a11y-utils/-/a11y-utils-10.0.2.tgz",
      "integrity": "sha512-gXaWDnLpZWJHStIVAya6KpO/DeRLZm9meDB9VsIDQkvbIUTDwYcu4kkULSyjjcb/ZYWh+Ay0X39YP8eTXRRDug==",
      "license": "Apache-2.0",
      "dependencies": {
        "lit": "^3.2.1"
      }
    },
    "node_modules/@haxtheweb/d-d-d": {
      "version": "10.0.2",
      "resolved": "https://registry.npmjs.org/@haxtheweb/d-d-d/-/d-d-d-10.0.2.tgz",
      "integrity": "sha512-oPb+A2yXljQz8SqKgPkYcrhPLtASjDnEfxyZMZ3SPzUN9FgAbxL5l92JSAf9ReCEqMOqRxm/0PLBBH9XdqRN8Q==",
      "license": "Apache-2.0",
      "dependencies": {
        "@haxtheweb/hax-iconset": "^10.0.2",
        "@haxtheweb/simple-colors": "^10.0.2",
        "@haxtheweb/simple-icon": "^10.0.2",
        "lit": "^3.2.1"
      }
    },
    "node_modules/@haxtheweb/hax-iconset": {
      "version": "10.0.2",
      "resolved": "https://registry.npmjs.org/@haxtheweb/hax-iconset/-/hax-iconset-10.0.2.tgz",
      "integrity": "sha512-ugrGoHy+/Qv8VRXtwQKmNa1xjP53ink84xHySaUAUsBRJAkXzA6Bn3+43LJhTtL4y0nkkKmcFMqumQWk37F0MQ==",
      "license": "Apache-2.0",
      "dependencies": {
        "@haxtheweb/simple-icon": "^10.0.2"
      }
    },
    "node_modules/@haxtheweb/intersection-element": {
      "version": "10.0.0",
      "resolved": "https://registry.npmjs.org/@haxtheweb/intersection-element/-/intersection-element-10.0.0.tgz",
      "integrity": "sha512-vDCoy6WmMTH+My+zm5kY+zJko3PTrx3dvdHDcqpKn3X4g/C1fkkVzHEjluch3PHYqOU8tojQN4ChIM0Ql1TsUQ==",
      "license": "Apache-2.0"
    },
    "node_modules/@haxtheweb/rpg-character": {
      "version": "10.0.2",
      "resolved": "https://registry.npmjs.org/@haxtheweb/rpg-character/-/rpg-character-10.0.2.tgz",
      "integrity": "sha512-3vvjsZkkCsZc1YbFZ6c+kUQKN+fvlKws2IOdfuCp5nNUb53R84bNHyv/FzctnWfIkv8zZbl0n+wksoxjJxfqrg==",
      "license": "Apache-2.0",
      "dependencies": {
        "@haxtheweb/simple-colors": "^10.0.2",
        "lit": "^3.2.1"
      }
    },
    "node_modules/@haxtheweb/simple-colors": {
      "version": "10.0.2",
      "resolved": "https://registry.npmjs.org/@haxtheweb/simple-colors/-/simple-colors-10.0.2.tgz",
      "integrity": "sha512-jo7LSkcnvK3moNCCl/KG0o84HrnFU6CEJJtB3JF/rsX1hz0PbfynbLGNNG6eQOd3IDas7CCiJPkzOim7MM7Epg==",
      "license": "Apache-2.0",
      "dependencies": {
        "@haxtheweb/a11y-utils": "^10.0.2",
        "@haxtheweb/simple-colors-shared-styles": "^10.0.2",
        "@haxtheweb/simple-modal": "^10.0.2",
        "@haxtheweb/simple-picker": "^10.0.2",
        "@polymer/polymer": "^3.5.2",
        "lit": "^3.2.1"
      }
    },
    "node_modules/@haxtheweb/simple-colors-shared-styles": {
      "version": "10.0.2",
      "resolved": "https://registry.npmjs.org/@haxtheweb/simple-colors-shared-styles/-/simple-colors-shared-styles-10.0.2.tgz",
      "integrity": "sha512-05HB7idTjXN/oEyoovmjUnJ8vNBK+RW+o4KsOfTCtqB3D90/nu3QSGtaqhMRPPBHnHYW/inEtkDsJcsiGvfKLg==",
      "license": "Apache-2.0",
      "dependencies": {
        "lit": "^3.2.1"
      }
    },
    "node_modules/@haxtheweb/simple-icon": {
      "version": "10.0.2",
      "resolved": "https://registry.npmjs.org/@haxtheweb/simple-icon/-/simple-icon-10.0.2.tgz",
      "integrity": "sha512-v5EdWw6rM81mf8pngMHPMUyz6n0nn2Oq+D1/M+I2dFFPNi+XgpeZeC3UEBlkeNXV21Cct0D4zsQy/g5yANOs8Q==",
      "license": "Apache-2.0",
      "dependencies": {
        "@haxtheweb/d-d-d": "^10.0.2",
        "@haxtheweb/simple-colors": "^10.0.2",
        "flag-icons": "6.6.4",
        "lit": "^3.2.1"
      }
    },
    "node_modules/@haxtheweb/simple-modal": {
      "version": "10.0.2",
      "resolved": "https://registry.npmjs.org/@haxtheweb/simple-modal/-/simple-modal-10.0.2.tgz",
      "integrity": "sha512-G7BWOhptO82p6mnYjPFlIIoE3owPPf2Rj7vItORmo8cAuBWwUahnM66rUxfjP5+xTWkqp/Nq7M3oaMIqjc4WUg==",
      "license": "Apache-2.0",
      "dependencies": {
        "@haxtheweb/d-d-d": "^10.0.2",
        "@haxtheweb/simple-icon": "^10.0.2",
        "lit": "^3.2.1",
        "web-dialog": "0.0.11"
      }
    },
    "node_modules/@haxtheweb/simple-picker": {
      "version": "10.0.2",
      "resolved": "https://registry.npmjs.org/@haxtheweb/simple-picker/-/simple-picker-10.0.2.tgz",
      "integrity": "sha512-AU+8hbeySZWLlDfsJZEMrRvjMzEAKKc0hlN9x4SMpKxSg9koeoHnrSfueEOrc4eUV/SWFd5e0LhQbzw8K3v6QA==",
      "license": "Apache-2.0",
      "dependencies": {
        "@haxtheweb/intersection-element": "^10.0.0",
        "@haxtheweb/simple-icon": "^10.0.2",
        "@lit-labs/virtualizer": "^2.0.14",
        "lit": "^3.2.1"
      }
    },
    "node_modules/@lit-labs/ssr-dom-shim": {
      "version": "1.3.0",
      "resolved": "https://registry.npmjs.org/@lit-labs/ssr-dom-shim/-/ssr-dom-shim-1.3.0.tgz",
      "integrity": "sha512-nQIWonJ6eFAvUUrSlwyHDm/aE8PBDu5kRpL0vHMg6K8fK3Diq1xdPjTnsJSwxABhaZ+5eBi1btQB5ShUTKo4nQ==",
      "license": "BSD-3-Clause"
    },
    "node_modules/@lit-labs/virtualizer": {
      "version": "2.1.0",
      "resolved": "https://registry.npmjs.org/@lit-labs/virtualizer/-/virtualizer-2.1.0.tgz",
      "integrity": "sha512-I79sNaalK9rD6FWO/AoxBMnA6jjNBrQu7F6lzz8W/GkQLcqveMWK3IrJAilso+XeFFn7BvlxBv6FqZaoMt+Qkg==",
      "license": "BSD-3-Clause",
      "dependencies": {
        "lit": "^3.2.0",
        "tslib": "^2.0.3"
      }
    },
    "node_modules/@lit/reactive-element": {
      "version": "2.0.4",
      "resolved": "https://registry.npmjs.org/@lit/reactive-element/-/reactive-element-2.0.4.tgz",
      "integrity": "sha512-GFn91inaUa2oHLak8awSIigYz0cU0Payr1rcFsrkf5OJ5eSPxElyZfKh0f2p9FsTiZWXQdWGJeXZICEfXXYSXQ==",
      "license": "BSD-3-Clause",
      "dependencies": {
        "@lit-labs/ssr-dom-shim": "^1.2.0"
      }
    },
    "node_modules/@polymer/polymer": {
      "version": "3.5.2",
      "resolved": "https://registry.npmjs.org/@polymer/polymer/-/polymer-3.5.2.tgz",
      "integrity": "sha512-fWwImY/UH4bb2534DVSaX+Azs2yKg8slkMBHOyGeU2kKx7Xmxp6Lee0jP8p6B3d7c1gFUPB2Z976dTUtX81pQA==",
      "license": "BSD-3-Clause",
      "dependencies": {
        "@webcomponents/shadycss": "^1.9.1"
      }
    },
    "node_modules/@types/trusted-types": {
      "version": "2.0.7",
      "resolved": "https://registry.npmjs.org/@types/trusted-types/-/trusted-types-2.0.7.tgz",
      "integrity": "sha512-ScaPdn1dQczgbl0QFTeTOmVHFULt394XJgOQNoyVhZ6r2vLnMLJfBPd53SB52T/3G36VI1/g2MZaX0cwDuXsfw==",
      "license": "MIT"
    },
    "node_modules/@webcomponents/shadycss": {
      "version": "1.11.2",
      "resolved": "https://registry.npmjs.org/@webcomponents/shadycss/-/shadycss-1.11.2.tgz",
      "integrity": "sha512-vRq+GniJAYSBmTRnhCYPAPq6THYqovJ/gzGThWbgEZUQaBccndGTi1hdiUP15HzEco0I6t4RCtXyX0rsSmwgPw==",
      "license": "BSD-3-Clause"
    },
    "node_modules/asynckit": {
      "version": "0.4.0",
      "resolved": "https://registry.npmjs.org/asynckit/-/asynckit-0.4.0.tgz",
      "integrity": "sha512-Oei9OH4tRh0YqU3GxhX79dM/mwVgvbZJaSNaRk+bshkj0S5cfHcgYakreBjrHwatXKbz+IoIdYLxrKim2MjW0Q==",
      "license": "MIT"
    },
    "node_modules/axios": {
      "version": "1.8.1",
      "resolved": "https://registry.npmjs.org/axios/-/axios-1.8.1.tgz",
      "integrity": "sha512-NN+fvwH/kV01dYUQ3PTOZns4LWtWhOFCAhQ/pHb88WQ1hNe5V/dvFwc4VJcDL11LT9xSX0QtsR8sWUuyOuOq7g==",
      "license": "MIT",
      "dependencies": {
        "follow-redirects": "^1.15.6",
        "form-data": "^4.0.0",
        "proxy-from-env": "^1.1.0"
      }
    },
    "node_modules/call-bind-apply-helpers": {
      "version": "1.0.2",
      "resolved": "https://registry.npmjs.org/call-bind-apply-helpers/-/call-bind-apply-helpers-1.0.2.tgz",
      "integrity": "sha512-Sp1ablJ0ivDkSzjcaJdxEunN5/XvksFJ2sMBFfq6x0ryhQV/2b/KwFe21cMpmHtPOSij8K99/wSfoEuTObmuMQ==",
      "license": "MIT",
      "dependencies": {
        "es-errors": "^1.3.0",
        "function-bind": "^1.1.2"
      },
      "engines": {
        "node": ">= 0.4"
      }
    },
    "node_modules/combined-stream": {
      "version": "1.0.8",
      "resolved": "https://registry.npmjs.org/combined-stream/-/combined-stream-1.0.8.tgz",
      "integrity": "sha512-FQN4MRfuJeHf7cBbBMJFXhKSDq+2kAArBlmRBvcvFE5BB1HZKXtSFASDhdlz9zOYwxh8lDdnvmMOe/+5cdoEdg==",
      "license": "MIT",
      "dependencies": {
        "delayed-stream": "~1.0.0"
      },
      "engines": {
        "node": ">= 0.8"
      }
    },
    "node_modules/delayed-stream": {
      "version": "1.0.0",
      "resolved": "https://registry.npmjs.org/delayed-stream/-/delayed-stream-1.0.0.tgz",
      "integrity": "sha512-ZySD7Nf91aLB0RxL4KGrKHBXl7Eds1DAmEdcoVawXnLD7SDhpNgtuII2aAkg7a7QS41jxPSZ17p4VdGnMHk3MQ==",
      "license": "MIT",
      "engines": {
        "node": ">=0.4.0"
      }
    },
    "node_modules/dunder-proto": {
      "version": "1.0.1",
      "resolved": "https://registry.npmjs.org/dunder-proto/-/dunder-proto-1.0.1.tgz",
      "integrity": "sha512-KIN/nDJBQRcXw0MLVhZE9iQHmG68qAVIBg9CqmUYjmQIhgij9U5MFvrqkUL5FbtyyzZuOeOt0zdeRe4UY7ct+A==",
      "license": "MIT",
      "dependencies": {
        "call-bind-apply-helpers": "^1.0.1",
        "es-errors": "^1.3.0",
        "gopd": "^1.2.0"
      },
      "engines": {
        "node": ">= 0.4"
      }
    },
    "node_modules/es-define-property": {
      "version": "1.0.1",
      "resolved": "https://registry.npmjs.org/es-define-property/-/es-define-property-1.0.1.tgz",
      "integrity": "sha512-e3nRfgfUZ4rNGL232gUgX06QNyyez04KdjFrF+LTRoOXmrOgFKDg4BCdsjW8EnT69eqdYGmRpJwiPVYNrCaW3g==",
      "license": "MIT",
      "engines": {
        "node": ">= 0.4"
      }
    },
    "node_modules/es-errors": {
      "version": "1.3.0",
      "resolved": "https://registry.npmjs.org/es-errors/-/es-errors-1.3.0.tgz",
      "integrity": "sha512-Zf5H2Kxt2xjTvbJvP2ZWLEICxA6j+hAmMzIlypy4xcBg1vKVnx89Wy0GbS+kf5cwCVFFzdCFh2XSCFNULS6csw==",
      "license": "MIT",
      "engines": {
        "node": ">= 0.4"
      }
    },
    "node_modules/es-object-atoms": {
      "version": "1.1.1",
      "resolved": "https://registry.npmjs.org/es-object-atoms/-/es-object-atoms-1.1.1.tgz",
      "integrity": "sha512-FGgH2h8zKNim9ljj7dankFPcICIK9Cp5bm+c2gQSYePhpaG5+esrLODihIorn+Pe6FGJzWhXQotPv73jTaldXA==",
      "license": "MIT",
      "dependencies": {
        "es-errors": "^1.3.0"
      },
      "engines": {
        "node": ">= 0.4"
      }
    },
    "node_modules/es-set-tostringtag": {
      "version": "2.1.0",
      "resolved": "https://registry.npmjs.org/es-set-tostringtag/-/es-set-tostringtag-2.1.0.tgz",
      "integrity": "sha512-j6vWzfrGVfyXxge+O0x5sh6cvxAog0a/4Rdd2K36zCMV5eJ+/+tOAngRO8cODMNWbVRdVlmGZQL2YS3yR8bIUA==",
      "license": "MIT",
      "dependencies": {
        "es-errors": "^1.3.0",
        "get-intrinsic": "^1.2.6",
        "has-tostringtag": "^1.0.2",
        "hasown": "^2.0.2"
      },
      "engines": {
        "node": ">= 0.4"
      }
    },
    "node_modules/flag-icons": {
      "version": "6.6.4",
      "resolved": "https://registry.npmjs.org/flag-icons/-/flag-icons-6.6.4.tgz",
      "integrity": "sha512-hRRXKw3f5F2OCcDTOTXO0tc3ODqBx/ttA61V9mqy/hVbnFXzW+7tJMLQ+xd77+BXwdUzQAMLW2G4RZqqvaN3Mg==",
      "license": "MIT"
    },
    "node_modules/follow-redirects": {
      "version": "1.15.9",
      "resolved": "https://registry.npmjs.org/follow-redirects/-/follow-redirects-1.15.9.tgz",
      "integrity": "sha512-gew4GsXizNgdoRyqmyfMHyAmXsZDk6mHkSxZFCzW9gwlbtOW44CDtYavM+y+72qD/Vq2l550kMF52DT8fOLJqQ==",
      "funding": [
        {
          "type": "individual",
          "url": "https://github.com/sponsors/RubenVerborgh"
        }
      ],
      "license": "MIT",
      "engines": {
        "node": ">=4.0"
      },
      "peerDependenciesMeta": {
        "debug": {
          "optional": true
        }
      }
    },
    "node_modules/form-data": {
      "version": "4.0.2",
      "resolved": "https://registry.npmjs.org/form-data/-/form-data-4.0.2.tgz",
      "integrity": "sha512-hGfm/slu0ZabnNt4oaRZ6uREyfCj6P4fT/n6A1rGV+Z0VdGXjfOhVUpkn6qVQONHGIFwmveGXyDs75+nr6FM8w==",
      "license": "MIT",
      "dependencies": {
        "asynckit": "^0.4.0",
        "combined-stream": "^1.0.8",
        "es-set-tostringtag": "^2.1.0",
        "mime-types": "^2.1.12"
      },
      "engines": {
        "node": ">= 6"
      }
    },
    "node_modules/function-bind": {
      "version": "1.1.2",
      "resolved": "https://registry.npmjs.org/function-bind/-/function-bind-1.1.2.tgz",
      "integrity": "sha512-7XHNxH7qX9xG5mIwxkhumTox/MIRNcOgDrxWsMt2pAr23WHp6MrRlN7FBSFpCpr+oVO0F744iUgR82nJMfG2SA==",
      "license": "MIT",
      "funding": {
        "url": "https://github.com/sponsors/ljharb"
      }
    },
    "node_modules/get-intrinsic": {
      "version": "1.3.0",
      "resolved": "https://registry.npmjs.org/get-intrinsic/-/get-intrinsic-1.3.0.tgz",
      "integrity": "sha512-9fSjSaos/fRIVIp+xSJlE6lfwhES7LNtKaCBIamHsjr2na1BiABJPo0mOjjz8GJDURarmCPGqaiVg5mfjb98CQ==",
      "license": "MIT",
      "dependencies": {
        "call-bind-apply-helpers": "^1.0.2",
        "es-define-property": "^1.0.1",
        "es-errors": "^1.3.0",
        "es-object-atoms": "^1.1.1",
        "function-bind": "^1.1.2",
        "get-proto": "^1.0.1",
        "gopd": "^1.2.0",
        "has-symbols": "^1.1.0",
        "hasown": "^2.0.2",
        "math-intrinsics": "^1.1.0"
      },
      "engines": {
        "node": ">= 0.4"
      },
      "funding": {
        "url": "https://github.com/sponsors/ljharb"
      }
    },
    "node_modules/get-proto": {
      "version": "1.0.1",
      "resolved": "https://registry.npmjs.org/get-proto/-/get-proto-1.0.1.tgz",
      "integrity": "sha512-sTSfBjoXBp89JvIKIefqw7U2CCebsc74kiY6awiGogKtoSGbgjYE/G/+l9sF3MWFPNc9IcoOC4ODfKHfxFmp0g==",
      "license": "MIT",
      "dependencies": {
        "dunder-proto": "^1.0.1",
        "es-object-atoms": "^1.0.0"
      },
      "engines": {
        "node": ">= 0.4"
      }
    },
    "node_modules/gopd": {
      "version": "1.2.0",
      "resolved": "https://registry.npmjs.org/gopd/-/gopd-1.2.0.tgz",
      "integrity": "sha512-ZUKRh6/kUFoAiTAtTYPZJ3hw9wNxx+BIBOijnlG9PnrJsCcSjs1wyyD6vJpaYtgnzDrKYRSqf3OO6Rfa93xsRg==",
      "license": "MIT",
      "engines": {
        "node": ">= 0.4"
      },
      "funding": {
        "url": "https://github.com/sponsors/ljharb"
      }
    },
    "node_modules/has-symbols": {
      "version": "1.1.0",
      "resolved": "https://registry.npmjs.org/has-symbols/-/has-symbols-1.1.0.tgz",
      "integrity": "sha512-1cDNdwJ2Jaohmb3sg4OmKaMBwuC48sYni5HUw2DvsC8LjGTLK9h+eb1X6RyuOHe4hT0ULCW68iomhjUoKUqlPQ==",
      "license": "MIT",
      "engines": {
        "node": ">= 0.4"
      },
      "funding": {
        "url": "https://github.com/sponsors/ljharb"
      }
    },
    "node_modules/has-tostringtag": {
      "version": "1.0.2",
      "resolved": "https://registry.npmjs.org/has-tostringtag/-/has-tostringtag-1.0.2.tgz",
      "integrity": "sha512-NqADB8VjPFLM2V0VvHUewwwsw0ZWBaIdgo+ieHtK3hasLz4qeCRjYcqfB6AQrBggRKppKF8L52/VqdVsO47Dlw==",
      "license": "MIT",
      "dependencies": {
        "has-symbols": "^1.0.3"
      },
      "engines": {
        "node": ">= 0.4"
      },
      "funding": {
        "url": "https://github.com/sponsors/ljharb"
      }
    },
    "node_modules/hasown": {
      "version": "2.0.2",
      "resolved": "https://registry.npmjs.org/hasown/-/hasown-2.0.2.tgz",
      "integrity": "sha512-0hJU9SCPvmMzIBdZFqNPXWa6dqh7WdH0cII9y+CyS8rG3nL48Bclra9HmKhVVUHyPWNH5Y7xDwAB7bfgSjkUMQ==",
      "license": "MIT",
      "dependencies": {
        "function-bind": "^1.1.2"
      },
      "engines": {
        "node": ">= 0.4"
      }
    },
    "node_modules/lit": {
      "version": "3.2.1",
      "resolved": "https://registry.npmjs.org/lit/-/lit-3.2.1.tgz",
      "integrity": "sha512-1BBa1E/z0O9ye5fZprPtdqnc0BFzxIxTTOO/tQFmyC/hj1O3jL4TfmLBw0WEwjAokdLwpclkvGgDJwTIh0/22w==",
      "license": "BSD-3-Clause",
      "dependencies": {
        "@lit/reactive-element": "^2.0.4",
        "lit-element": "^4.1.0",
        "lit-html": "^3.2.0"
      }
    },
    "node_modules/lit-element": {
      "version": "4.1.1",
      "resolved": "https://registry.npmjs.org/lit-element/-/lit-element-4.1.1.tgz",
      "integrity": "sha512-HO9Tkkh34QkTeUmEdNYhMT8hzLid7YlMlATSi1q4q17HE5d9mrrEHJ/o8O2D0cMi182zK1F3v7x0PWFjrhXFew==",
      "license": "BSD-3-Clause",
      "dependencies": {
        "@lit-labs/ssr-dom-shim": "^1.2.0",
        "@lit/reactive-element": "^2.0.4",
        "lit-html": "^3.2.0"
      }
    },
    "node_modules/lit-html": {
      "version": "3.2.1",
      "resolved": "https://registry.npmjs.org/lit-html/-/lit-html-3.2.1.tgz",
      "integrity": "sha512-qI/3lziaPMSKsrwlxH/xMgikhQ0EGOX2ICU73Bi/YHFvz2j/yMCIrw4+puF2IpQ4+upd3EWbvnHM9+PnJn48YA==",
      "license": "BSD-3-Clause",
      "dependencies": {
        "@types/trusted-types": "^2.0.2"
      }
    },
    "node_modules/math-intrinsics": {
      "version": "1.1.0",
      "resolved": "https://registry.npmjs.org/math-intrinsics/-/math-intrinsics-1.1.0.tgz",
      "integrity": "sha512-/IXtbwEk5HTPyEwyKX6hGkYXxM9nbj64B+ilVJnC/R6B0pH5G4V3b0pVbL7DBj4tkhBAppbQUlf6F6Xl9LHu1g==",
      "license": "MIT",
      "engines": {
        "node": ">= 0.4"
      }
    },
    "node_modules/mime-db": {
      "version": "1.52.0",
      "resolved": "https://registry.npmjs.org/mime-db/-/mime-db-1.52.0.tgz",
      "integrity": "sha512-sPU4uV7dYlvtWJxwwxHD0PuihVNiE7TyAbQ5SWxDCB9mUYvOgroQOwYQQOKPJ8CIbE+1ETVlOoK1UC2nU3gYvg==",
      "license": "MIT",
      "engines": {
        "node": ">= 0.6"
      }
    },
    "node_modules/mime-types": {
      "version": "2.1.35",
      "resolved": "https://registry.npmjs.org/mime-types/-/mime-types-2.1.35.tgz",
      "integrity": "sha512-ZDY+bPm5zTTF+YpCrAU9nK0UgICYPT0QtT1NZWFv4s++TNkcgVaT0g6+4R2uI4MjQjzysHB1zxuWL50hzaeXiw==",
      "license": "MIT",
      "dependencies": {
        "mime-db": "1.52.0"
      },
      "engines": {
        "node": ">= 0.6"
      }
    },
    "node_modules/proxy-from-env": {
      "version": "1.1.0",
      "resolved": "https://registry.npmjs.org/proxy-from-env/-/proxy-from-env-1.1.0.tgz",
      "integrity": "sha512-D+zkORCbA9f1tdWRK0RaCR3GPv50cMxcrz4X8k5LTSUD1Dkw47mKJEZQNunItRTkWwgtaUSo1RVFRIG9ZXiFYg==",
      "license": "MIT"
    },
    "node_modules/tslib": {
      "version": "2.8.1",
      "resolved": "https://registry.npmjs.org/tslib/-/tslib-2.8.1.tgz",
      "integrity": "sha512-oJFu94HQb+KVduSUQL7wnpmqnfmLsOA/nAh6b6EH0wCEoK0/mPeXU6c3wKDV83MkOuHPRHtSXKKU99IBazS/2w==",
      "license": "0BSD"
    },
    "node_modules/web-dialog": {
      "version": "0.0.11",
      "resolved": "https://registry.npmjs.org/web-dialog/-/web-dialog-0.0.11.tgz",
      "integrity": "sha512-UGXpUfww+U2zWJCwb8uE0zeiCjyq4gv54VpC2zuT4+sOdR/ukz7flp941472BY9TnI8RrK3S5TLL4K9AQycfwQ==",
      "license": "MIT",
      "dependencies": {
        "@a11y/focus-trap": "^1.0.5"
      }
    }
  }
}
